// !$*UTF8*$!
{
	archiveVersion = 1;
	classes = {
	};
	objectVersion = 77;
	objects = {

/* Begin PBXContainerItemProxy section */
		842FD0C52E7E072C00CD2A5F /* PBXContainerItemProxy */ = {
			isa = PBXContainerItemProxy;
			containerPortal = 842FCEB12E7B365000CD2A5F /* Project object */;
			proxyType = 1;
			remoteGlobalIDString = 842FCEB82E7B365000CD2A5F;
			remoteInfo = "Food Scanner";
		};
		842FD0D42E7E073700CD2A5F /* PBXContainerItemProxy */ = {
			isa = PBXContainerItemProxy;
			containerPortal = 842FCEB12E7B365000CD2A5F /* Project object */;
			proxyType = 1;
			remoteGlobalIDString = 842FCEB82E7B365000CD2A5F;
			remoteInfo = "Food Scanner";
		};
/* End PBXContainerItemProxy section */

/* Begin PBXFileReference section */
		842FCEB92E7B365000CD2A5F /* Food Scanner.app */ = {isa = PBXFileReference; explicitFileType = wrapper.application; includeInIndex = 0; path = "Food Scanner.app"; sourceTree = BUILT_PRODUCTS_DIR; };
		842FD0C12E7E072C00CD2A5F /* FoodScannerTests.xctest */ = {isa = PBXFileReference; explicitFileType = wrapper.cfbundle; includeInIndex = 0; path = FoodScannerTests.xctest; sourceTree = BUILT_PRODUCTS_DIR; };
		842FD0CE2E7E073700CD2A5F /* FoodScannerUITests.xctest */ = {isa = PBXFileReference; explicitFileType = wrapper.cfbundle; includeInIndex = 0; path = FoodScannerUITests.xctest; sourceTree = BUILT_PRODUCTS_DIR; };
		842FD2BE2E82E2D300CD2A5F /* FoodScanner-Full.xctestplan */ = {isa = PBXFileReference; lastKnownFileType = text; path = "FoodScanner-Full.xctestplan"; sourceTree = "<group>"; };
/* End PBXFileReference section */

/* Begin PBXFileSystemSynchronizedBuildFileExceptionSet section */
		842FD2A92E80A74800CD2A5F /* Exceptions for "Food Scanner" folder in "Food Scanner" target */ = {
			isa = PBXFileSystemSynchronizedBuildFileExceptionSet;
			membershipExceptions = (
				Config/Config.Debug.xcconfig,
				Config/Config.Release.xcconfig,
				Config/Secrets.example,
				Config/Secrets.plist,
			);
			target = 842FCEB82E7B365000CD2A5F /* Food Scanner */;
		};
/* End PBXFileSystemSynchronizedBuildFileExceptionSet section */

/* Begin PBXFileSystemSynchronizedRootGroup section */
		842FCEBB2E7B365000CD2A5F /* Food Scanner */ = {
			isa = PBXFileSystemSynchronizedRootGroup;
			exceptions = (
				842FD2A92E80A74800CD2A5F /* Exceptions for "Food Scanner" folder in "Food Scanner" target */,
			);
			path = "Food Scanner";
			sourceTree = "<group>";
		};
		842FD0C22E7E072C00CD2A5F /* FoodScannerTests */ = {
			isa = PBXFileSystemSynchronizedRootGroup;
			path = FoodScannerTests;
			sourceTree = "<group>";
		};
		842FD0CF2E7E073700CD2A5F /* FoodScannerUITests */ = {
			isa = PBXFileSystemSynchronizedRootGroup;
			path = FoodScannerUITests;
			sourceTree = "<group>";
		};
/* End PBXFileSystemSynchronizedRootGroup section */

/* Begin PBXFrameworksBuildPhase section */
		842FCEB62E7B365000CD2A5F /* Frameworks */ = {
			isa = PBXFrameworksBuildPhase;
			buildActionMask = 2147483647;
			files = (
			);
			runOnlyForDeploymentPostprocessing = 0;
		};
		842FD0BE2E7E072C00CD2A5F /* Frameworks */ = {
			isa = PBXFrameworksBuildPhase;
			buildActionMask = 2147483647;
			files = (
			);
			runOnlyForDeploymentPostprocessing = 0;
		};
		842FD0CB2E7E073700CD2A5F /* Frameworks */ = {
			isa = PBXFrameworksBuildPhase;
			buildActionMask = 2147483647;
			files = (
			);
			runOnlyForDeploymentPostprocessing = 0;
		};
/* End PBXFrameworksBuildPhase section */

/* Begin PBXGroup section */
		842FCEB02E7B365000CD2A5F = {
			isa = PBXGroup;
			children = (
				842FD2BE2E82E2D300CD2A5F /* FoodScanner-Full.xctestplan */,
				842FCEBB2E7B365000CD2A5F /* Food Scanner */,
				842FD0C22E7E072C00CD2A5F /* FoodScannerTests */,
				842FD0CF2E7E073700CD2A5F /* FoodScannerUITests */,
				842FCEBA2E7B365000CD2A5F /* Products */,
			);
			sourceTree = "<group>";
		};
		842FCEBA2E7B365000CD2A5F /* Products */ = {
			isa = PBXGroup;
			children = (
				842FCEB92E7B365000CD2A5F /* Food Scanner.app */,
				842FD0C12E7E072C00CD2A5F /* FoodScannerTests.xctest */,
				842FD0CE2E7E073700CD2A5F /* FoodScannerUITests.xctest */,
			);
			name = Products;
			sourceTree = "<group>";
		};
/* End PBXGroup section */

/* Begin PBXNativeTarget section */
		842FCEB82E7B365000CD2A5F /* Food Scanner */ = {
			isa = PBXNativeTarget;
			buildConfigurationList = 842FCEC42E7B365100CD2A5F /* Build configuration list for PBXNativeTarget "Food Scanner" */;
			buildPhases = (
				842FCEB52E7B365000CD2A5F /* Sources */,
				842FCEB62E7B365000CD2A5F /* Frameworks */,
				842FCEB72E7B365000CD2A5F /* Resources */,
			);
			buildRules = (
			);
			dependencies = (
			);
			fileSystemSynchronizedGroups = (
				842FCEBB2E7B365000CD2A5F /* Food Scanner */,
			);
			name = "Food Scanner";
			packageProductDependencies = (
			);
			productName = "Food Scanner";
			productReference = 842FCEB92E7B365000CD2A5F /* Food Scanner.app */;
			productType = "com.apple.product-type.application";
		};
		842FD0C02E7E072C00CD2A5F /* FoodScannerTests */ = {
			isa = PBXNativeTarget;
			buildConfigurationList = 842FD0C72E7E072C00CD2A5F /* Build configuration list for PBXNativeTarget "FoodScannerTests" */;
			buildPhases = (
				842FD0BD2E7E072C00CD2A5F /* Sources */,
				842FD0BE2E7E072C00CD2A5F /* Frameworks */,
				842FD0BF2E7E072C00CD2A5F /* Resources */,
			);
			buildRules = (
			);
			dependencies = (
				842FD0C62E7E072C00CD2A5F /* PBXTargetDependency */,
			);
			fileSystemSynchronizedGroups = (
				842FD0C22E7E072C00CD2A5F /* FoodScannerTests */,
			);
			name = FoodScannerTests;
			packageProductDependencies = (
			);
			productName = FoodScannerTests;
			productReference = 842FD0C12E7E072C00CD2A5F /* FoodScannerTests.xctest */;
			productType = "com.apple.product-type.bundle.unit-test";
		};
		842FD0CD2E7E073700CD2A5F /* FoodScannerUITests */ = {
			isa = PBXNativeTarget;
			buildConfigurationList = 842FD0D62E7E073800CD2A5F /* Build configuration list for PBXNativeTarget "FoodScannerUITests" */;
			buildPhases = (
				842FD0CA2E7E073700CD2A5F /* Sources */,
				842FD0CB2E7E073700CD2A5F /* Frameworks */,
				842FD0CC2E7E073700CD2A5F /* Resources */,
			);
			buildRules = (
			);
			dependencies = (
				842FD0D52E7E073700CD2A5F /* PBXTargetDependency */,
			);
			fileSystemSynchronizedGroups = (
				842FD0CF2E7E073700CD2A5F /* FoodScannerUITests */,
			);
			name = FoodScannerUITests;
			packageProductDependencies = (
			);
			productName = FoodScannerUITests;
			productReference = 842FD0CE2E7E073700CD2A5F /* FoodScannerUITests.xctest */;
			productType = "com.apple.product-type.bundle.ui-testing";
		};
/* End PBXNativeTarget section */

/* Begin PBXProject section */
		842FCEB12E7B365000CD2A5F /* Project object */ = {
			isa = PBXProject;
			attributes = {
				BuildIndependentTargetsInParallel = 1;
				LastSwiftUpdateCheck = 2600;
				LastUpgradeCheck = 2600;
				TargetAttributes = {
					842FCEB82E7B365000CD2A5F = {
						CreatedOnToolsVersion = 26.0;
					};
					842FD0C02E7E072C00CD2A5F = {
						CreatedOnToolsVersion = 26.0;
						TestTargetID = 842FCEB82E7B365000CD2A5F;
					};
					842FD0CD2E7E073700CD2A5F = {
						CreatedOnToolsVersion = 26.0;
						TestTargetID = 842FCEB82E7B365000CD2A5F;
					};
				};
			};
			buildConfigurationList = 842FCEB42E7B365000CD2A5F /* Build configuration list for PBXProject "Food Scanner" */;
			developmentRegion = en;
			hasScannedForEncodings = 0;
			knownRegions = (
				en,
				Base,
			);
			mainGroup = 842FCEB02E7B365000CD2A5F;
			minimizedProjectReferenceProxies = 1;
			preferredProjectObjectVersion = 77;
			productRefGroup = 842FCEBA2E7B365000CD2A5F /* Products */;
			projectDirPath = "";
			projectRoot = "";
			targets = (
				842FCEB82E7B365000CD2A5F /* Food Scanner */,
				842FD0C02E7E072C00CD2A5F /* FoodScannerTests */,
				842FD0CD2E7E073700CD2A5F /* FoodScannerUITests */,
			);
		};
/* End PBXProject section */

/* Begin PBXResourcesBuildPhase section */
		842FCEB72E7B365000CD2A5F /* Resources */ = {
			isa = PBXResourcesBuildPhase;
			buildActionMask = 2147483647;
			files = (
			);
			runOnlyForDeploymentPostprocessing = 0;
		};
		842FD0BF2E7E072C00CD2A5F /* Resources */ = {
			isa = PBXResourcesBuildPhase;
			buildActionMask = 2147483647;
			files = (
			);
			runOnlyForDeploymentPostprocessing = 0;
		};
		842FD0CC2E7E073700CD2A5F /* Resources */ = {
			isa = PBXResourcesBuildPhase;
			buildActionMask = 2147483647;
			files = (
			);
			runOnlyForDeploymentPostprocessing = 0;
		};
/* End PBXResourcesBuildPhase section */

/* Begin PBXSourcesBuildPhase section */
		842FCEB52E7B365000CD2A5F /* Sources */ = {
			isa = PBXSourcesBuildPhase;
			buildActionMask = 2147483647;
			files = (
			);
			runOnlyForDeploymentPostprocessing = 0;
		};
		842FD0BD2E7E072C00CD2A5F /* Sources */ = {
			isa = PBXSourcesBuildPhase;
			buildActionMask = 2147483647;
			files = (
			);
			runOnlyForDeploymentPostprocessing = 0;
		};
		842FD0CA2E7E073700CD2A5F /* Sources */ = {
			isa = PBXSourcesBuildPhase;
			buildActionMask = 2147483647;
			files = (
			);
			runOnlyForDeploymentPostprocessing = 0;
		};
/* End PBXSourcesBuildPhase section */

/* Begin PBXTargetDependency section */
		842FD0C62E7E072C00CD2A5F /* PBXTargetDependency */ = {
			isa = PBXTargetDependency;
			target = 842FCEB82E7B365000CD2A5F /* Food Scanner */;
			targetProxy = 842FD0C52E7E072C00CD2A5F /* PBXContainerItemProxy */;
		};
		842FD0D52E7E073700CD2A5F /* PBXTargetDependency */ = {
			isa = PBXTargetDependency;
			target = 842FCEB82E7B365000CD2A5F /* Food Scanner */;
			targetProxy = 842FD0D42E7E073700CD2A5F /* PBXContainerItemProxy */;
		};
/* End PBXTargetDependency section */

/* Begin XCBuildConfiguration section */
		842FCEC22E7B365100CD2A5F /* Debug */ = {
			isa = XCBuildConfiguration;
			buildSettings = {
				ALWAYS_SEARCH_USER_PATHS = NO;
				ASSETCATALOG_COMPILER_GENERATE_SWIFT_ASSET_SYMBOL_EXTENSIONS = YES;
				CLANG_ANALYZER_NONNULL = YES;
				CLANG_ANALYZER_NUMBER_OBJECT_CONVERSION = YES_AGGRESSIVE;
				CLANG_CXX_LANGUAGE_STANDARD = "gnu++20";
				CLANG_ENABLE_MODULES = YES;
				CLANG_ENABLE_OBJC_ARC = YES;
				CLANG_ENABLE_OBJC_WEAK = YES;
				CLANG_WARN_BLOCK_CAPTURE_AUTORELEASING = YES;
				CLANG_WARN_BOOL_CONVERSION = YES;
				CLANG_WARN_COMMA = YES;
				CLANG_WARN_CONSTANT_CONVERSION = YES;
				CLANG_WARN_DEPRECATED_OBJC_IMPLEMENTATIONS = YES;
				CLANG_WARN_DIRECT_OBJC_ISA_USAGE = YES_ERROR;
				CLANG_WARN_DOCUMENTATION_COMMENTS = YES;
				CLANG_WARN_EMPTY_BODY = YES;
				CLANG_WARN_ENUM_CONVERSION = YES;
				CLANG_WARN_INFINITE_RECURSION = YES;
				CLANG_WARN_INT_CONVERSION = YES;
				CLANG_WARN_NON_LITERAL_NULL_CONVERSION = YES;
				CLANG_WARN_OBJC_IMPLICIT_RETAIN_SELF = YES;
				CLANG_WARN_OBJC_LITERAL_CONVERSION = YES;
				CLANG_WARN_OBJC_ROOT_CLASS = YES_ERROR;
				CLANG_WARN_QUOTED_INCLUDE_IN_FRAMEWORK_HEADER = YES;
				CLANG_WARN_RANGE_LOOP_ANALYSIS = YES;
				CLANG_WARN_STRICT_PROTOTYPES = YES;
				CLANG_WARN_SUSPICIOUS_MOVE = YES;
				CLANG_WARN_UNGUARDED_AVAILABILITY = YES_AGGRESSIVE;
				CLANG_WARN_UNREACHABLE_CODE = YES;
				CLANG_WARN__DUPLICATE_METHOD_MATCH = YES;
				COPY_PHASE_STRIP = NO;
				DEBUG_INFORMATION_FORMAT = dwarf;
				DEVELOPMENT_TEAM = EQ8K2UN7YU;
				ENABLE_STRICT_OBJC_MSGSEND = YES;
				ENABLE_TESTABILITY = YES;
				ENABLE_USER_SCRIPT_SANDBOXING = YES;
				GCC_C_LANGUAGE_STANDARD = gnu17;
				GCC_DYNAMIC_NO_PIC = NO;
				GCC_NO_COMMON_BLOCKS = YES;
				GCC_OPTIMIZATION_LEVEL = 0;
				GCC_PREPROCESSOR_DEFINITIONS = (
					"DEBUG=1",
					"$(inherited)",
				);
				GCC_WARN_64_TO_32_BIT_CONVERSION = YES;
				GCC_WARN_ABOUT_RETURN_TYPE = YES_ERROR;
				GCC_WARN_UNDECLARED_SELECTOR = YES;
				GCC_WARN_UNINITIALIZED_AUTOS = YES_AGGRESSIVE;
				GCC_WARN_UNUSED_FUNCTION = YES;
				GCC_WARN_UNUSED_VARIABLE = YES;
				IPHONEOS_DEPLOYMENT_TARGET = 26.0;
				LOCALIZATION_PREFERS_STRING_CATALOGS = YES;
				MTL_ENABLE_DEBUG_INFO = INCLUDE_SOURCE;
				MTL_FAST_MATH = YES;
				ONLY_ACTIVE_ARCH = YES;
				SDKROOT = iphoneos;
				STRING_CATALOG_GENERATE_SYMBOLS = YES;
				SWIFT_ACTIVE_COMPILATION_CONDITIONS = "DEBUG $(inherited)";
				SWIFT_OPTIMIZATION_LEVEL = "-Onone";
			};
			name = Debug;
		};
		842FCEC32E7B365100CD2A5F /* Release */ = {
			isa = XCBuildConfiguration;
			buildSettings = {
				ALWAYS_SEARCH_USER_PATHS = NO;
				ASSETCATALOG_COMPILER_GENERATE_SWIFT_ASSET_SYMBOL_EXTENSIONS = YES;
				CLANG_ANALYZER_NONNULL = YES;
				CLANG_ANALYZER_NUMBER_OBJECT_CONVERSION = YES_AGGRESSIVE;
				CLANG_CXX_LANGUAGE_STANDARD = "gnu++20";
				CLANG_ENABLE_MODULES = YES;
				CLANG_ENABLE_OBJC_ARC = YES;
				CLANG_ENABLE_OBJC_WEAK = YES;
				CLANG_WARN_BLOCK_CAPTURE_AUTORELEASING = YES;
				CLANG_WARN_BOOL_CONVERSION = YES;
				CLANG_WARN_COMMA = YES;
				CLANG_WARN_CONSTANT_CONVERSION = YES;
				CLANG_WARN_DEPRECATED_OBJC_IMPLEMENTATIONS = YES;
				CLANG_WARN_DIRECT_OBJC_ISA_USAGE = YES_ERROR;
				CLANG_WARN_DOCUMENTATION_COMMENTS = YES;
				CLANG_WARN_EMPTY_BODY = YES;
				CLANG_WARN_ENUM_CONVERSION = YES;
				CLANG_WARN_INFINITE_RECURSION = YES;
				CLANG_WARN_INT_CONVERSION = YES;
				CLANG_WARN_NON_LITERAL_NULL_CONVERSION = YES;
				CLANG_WARN_OBJC_IMPLICIT_RETAIN_SELF = YES;
				CLANG_WARN_OBJC_LITERAL_CONVERSION = YES;
				CLANG_WARN_OBJC_ROOT_CLASS = YES_ERROR;
				CLANG_WARN_QUOTED_INCLUDE_IN_FRAMEWORK_HEADER = YES;
				CLANG_WARN_RANGE_LOOP_ANALYSIS = YES;
				CLANG_WARN_STRICT_PROTOTYPES = YES;
				CLANG_WARN_SUSPICIOUS_MOVE = YES;
				CLANG_WARN_UNGUARDED_AVAILABILITY = YES_AGGRESSIVE;
				CLANG_WARN_UNREACHABLE_CODE = YES;
				CLANG_WARN__DUPLICATE_METHOD_MATCH = YES;
				COPY_PHASE_STRIP = NO;
				DEBUG_INFORMATION_FORMAT = "dwarf-with-dsym";
				DEVELOPMENT_TEAM = EQ8K2UN7YU;
				ENABLE_NS_ASSERTIONS = NO;
				ENABLE_STRICT_OBJC_MSGSEND = YES;
				ENABLE_USER_SCRIPT_SANDBOXING = YES;
				GCC_C_LANGUAGE_STANDARD = gnu17;
				GCC_NO_COMMON_BLOCKS = YES;
				GCC_WARN_64_TO_32_BIT_CONVERSION = YES;
				GCC_WARN_ABOUT_RETURN_TYPE = YES_ERROR;
				GCC_WARN_UNDECLARED_SELECTOR = YES;
				GCC_WARN_UNINITIALIZED_AUTOS = YES_AGGRESSIVE;
				GCC_WARN_UNUSED_FUNCTION = YES;
				GCC_WARN_UNUSED_VARIABLE = YES;
				IPHONEOS_DEPLOYMENT_TARGET = 26.0;
				LOCALIZATION_PREFERS_STRING_CATALOGS = YES;
				MTL_ENABLE_DEBUG_INFO = NO;
				MTL_FAST_MATH = YES;
				SDKROOT = iphoneos;
				STRING_CATALOG_GENERATE_SYMBOLS = YES;
				SWIFT_COMPILATION_MODE = wholemodule;
				VALIDATE_PRODUCT = YES;
			};
			name = Release;
		};
		842FCEC52E7B365100CD2A5F /* Debug */ = {
			isa = XCBuildConfiguration;
			baseConfigurationReferenceAnchor = 842FCEBB2E7B365000CD2A5F /* Food Scanner */;
			baseConfigurationReferenceRelativePath = Config/Config.Debug.xcconfig;
			buildSettings = {
				ASSETCATALOG_COMPILER_APPICON_NAME = AppIcon;
				ASSETCATALOG_COMPILER_GLOBAL_ACCENT_COLOR_NAME = AccentColor;
				CODE_SIGN_STYLE = Automatic;
				CURRENT_PROJECT_VERSION = 1;
				DEVELOPMENT_TEAM = EQ8K2UN7YU;
				ENABLE_PREVIEWS = YES;
				GENERATE_INFOPLIST_FILE = YES;
				INFOPLIST_FILE = Info.plist;
				INFOPLIST_KEY_CFBundleDisplayName = Calry;
				INFOPLIST_KEY_ITSAppUsesNonExemptEncryption = NO;
				INFOPLIST_KEY_LSApplicationCategoryType = "public.app-category.healthcare-fitness";
				INFOPLIST_KEY_NSCameraUsageDescription = "Use your camera to scan barcodes and snap food photos.";
				INFOPLIST_KEY_NSPhotoLibraryAddUsageDescription = "Add the food photos you take to your Photos app (only when you say so).";
				INFOPLIST_KEY_UIApplicationSceneManifest_Generation = YES;
				INFOPLIST_KEY_UIApplicationSupportsIndirectInputEvents = YES;
				INFOPLIST_KEY_UILaunchScreen_Generation = YES;
				INFOPLIST_KEY_UISupportedInterfaceOrientations_iPad = "UIInterfaceOrientationPortrait UIInterfaceOrientationPortraitUpsideDown UIInterfaceOrientationLandscapeLeft UIInterfaceOrientationLandscapeRight";
				INFOPLIST_KEY_UISupportedInterfaceOrientations_iPhone = "UIInterfaceOrientationPortrait UIInterfaceOrientationLandscapeLeft UIInterfaceOrientationLandscapeRight";
				LD_RUNPATH_SEARCH_PATHS = (
					"$(inherited)",
					"@executable_path/Frameworks",
				);
				MARKETING_VERSION = 0.1;
				PRODUCT_BUNDLE_IDENTIFIER = tysonhu.foodscanner;
				PRODUCT_NAME = "$(TARGET_NAME)";
				STRING_CATALOG_GENERATE_SYMBOLS = YES;
				SUPPORTED_PLATFORMS = "iphoneos iphonesimulator";
				SUPPORTS_MACCATALYST = NO;
				SUPPORTS_MAC_DESIGNED_FOR_IPHONE_IPAD = NO;
				SUPPORTS_XR_DESIGNED_FOR_IPHONE_IPAD = NO;
				SWIFT_APPROACHABLE_CONCURRENCY = YES;
				SWIFT_DEFAULT_ACTOR_ISOLATION = MainActor;
				SWIFT_EMIT_LOC_STRINGS = YES;
				SWIFT_UPCOMING_FEATURE_MEMBER_IMPORT_VISIBILITY = YES;
				SWIFT_VERSION = 5.0;
				TARGETED_DEVICE_FAMILY = 1;
			};
			name = Debug;
		};
		842FCEC62E7B365100CD2A5F /* Release */ = {
			isa = XCBuildConfiguration;
			baseConfigurationReferenceAnchor = 842FCEBB2E7B365000CD2A5F /* Food Scanner */;
			baseConfigurationReferenceRelativePath = Config/Config.Release.xcconfig;
			buildSettings = {
				ASSETCATALOG_COMPILER_APPICON_NAME = AppIcon;
				ASSETCATALOG_COMPILER_GLOBAL_ACCENT_COLOR_NAME = AccentColor;
				CODE_SIGN_STYLE = Automatic;
				CURRENT_PROJECT_VERSION = 1;
				DEVELOPMENT_TEAM = EQ8K2UN7YU;
				ENABLE_PREVIEWS = YES;
				GENERATE_INFOPLIST_FILE = YES;
				INFOPLIST_FILE = Info.plist;
				INFOPLIST_KEY_CFBundleDisplayName = Calry;
				INFOPLIST_KEY_ITSAppUsesNonExemptEncryption = NO;
				INFOPLIST_KEY_LSApplicationCategoryType = "public.app-category.healthcare-fitness";
				INFOPLIST_KEY_NSCameraUsageDescription = "Use your camera to scan barcodes and snap food photos.";
				INFOPLIST_KEY_NSPhotoLibraryAddUsageDescription = "Add the food photos you take to your Photos app (only when you say so).";
				INFOPLIST_KEY_UIApplicationSceneManifest_Generation = YES;
				INFOPLIST_KEY_UIApplicationSupportsIndirectInputEvents = YES;
				INFOPLIST_KEY_UILaunchScreen_Generation = YES;
				INFOPLIST_KEY_UISupportedInterfaceOrientations_iPad = "UIInterfaceOrientationPortrait UIInterfaceOrientationPortraitUpsideDown UIInterfaceOrientationLandscapeLeft UIInterfaceOrientationLandscapeRight";
				INFOPLIST_KEY_UISupportedInterfaceOrientations_iPhone = "UIInterfaceOrientationPortrait UIInterfaceOrientationLandscapeLeft UIInterfaceOrientationLandscapeRight";
				LD_RUNPATH_SEARCH_PATHS = (
					"$(inherited)",
					"@executable_path/Frameworks",
				);
				MARKETING_VERSION = 0.1;
				PRODUCT_BUNDLE_IDENTIFIER = tysonhu.foodscanner;
				PRODUCT_NAME = "$(TARGET_NAME)";
				STRING_CATALOG_GENERATE_SYMBOLS = YES;
				SUPPORTED_PLATFORMS = "iphoneos iphonesimulator";
				SUPPORTS_MACCATALYST = NO;
				SUPPORTS_MAC_DESIGNED_FOR_IPHONE_IPAD = NO;
				SUPPORTS_XR_DESIGNED_FOR_IPHONE_IPAD = NO;
				SWIFT_APPROACHABLE_CONCURRENCY = YES;
				SWIFT_DEFAULT_ACTOR_ISOLATION = MainActor;
				SWIFT_EMIT_LOC_STRINGS = YES;
				SWIFT_UPCOMING_FEATURE_MEMBER_IMPORT_VISIBILITY = YES;
				SWIFT_VERSION = 5.0;
				TARGETED_DEVICE_FAMILY = 1;
			};
			name = Release;
		};
		842FD0C82E7E072C00CD2A5F /* Debug */ = {
			isa = XCBuildConfiguration;
			buildSettings = {
				BUNDLE_LOADER = "$(TEST_HOST)";
				CODE_SIGN_STYLE = Automatic;
				CURRENT_PROJECT_VERSION = 1;
				DEVELOPMENT_TEAM = EQ8K2UN7YU;
				GENERATE_INFOPLIST_FILE = YES;
				IPHONEOS_DEPLOYMENT_TARGET = 26.0;
				MACOSX_DEPLOYMENT_TARGET = 26.0;
				MARKETING_VERSION = 1.0;
				PRODUCT_BUNDLE_IDENTIFIER = tysonhu.FoodScannerTests;
				PRODUCT_NAME = "$(TARGET_NAME)";
				SDKROOT = auto;
				STRING_CATALOG_GENERATE_SYMBOLS = NO;
				SUPPORTED_PLATFORMS = "iphoneos iphonesimulator macosx xros xrsimulator";
				SWIFT_APPROACHABLE_CONCURRENCY = YES;
				SWIFT_EMIT_LOC_STRINGS = NO;
				SWIFT_UPCOMING_FEATURE_MEMBER_IMPORT_VISIBILITY = YES;
				SWIFT_VERSION = 5.0;
				TARGETED_DEVICE_FAMILY = "1,2,7";
				TEST_HOST = "$(BUILT_PRODUCTS_DIR)/Food Scanner.app/$(BUNDLE_EXECUTABLE_FOLDER_PATH)/Food Scanner";
				XROS_DEPLOYMENT_TARGET = 26.0;
			};
			name = Debug;
		};
		842FD0C92E7E072C00CD2A5F /* Release */ = {
			isa = XCBuildConfiguration;
			buildSettings = {
				BUNDLE_LOADER = "$(TEST_HOST)";
				CODE_SIGN_STYLE = Automatic;
				CURRENT_PROJECT_VERSION = 1;
				DEVELOPMENT_TEAM = EQ8K2UN7YU;
				GENERATE_INFOPLIST_FILE = YES;
				IPHONEOS_DEPLOYMENT_TARGET = 26.0;
				MACOSX_DEPLOYMENT_TARGET = 26.0;
				MARKETING_VERSION = 1.0;
				PRODUCT_BUNDLE_IDENTIFIER = tysonhu.FoodScannerTests;
				PRODUCT_NAME = "$(TARGET_NAME)";
				SDKROOT = auto;
				STRING_CATALOG_GENERATE_SYMBOLS = NO;
				SUPPORTED_PLATFORMS = "iphoneos iphonesimulator macosx xros xrsimulator";
				SWIFT_APPROACHABLE_CONCURRENCY = YES;
				SWIFT_EMIT_LOC_STRINGS = NO;
				SWIFT_UPCOMING_FEATURE_MEMBER_IMPORT_VISIBILITY = YES;
				SWIFT_VERSION = 5.0;
				TARGETED_DEVICE_FAMILY = "1,2,7";
				TEST_HOST = "$(BUILT_PRODUCTS_DIR)/Food Scanner.app/$(BUNDLE_EXECUTABLE_FOLDER_PATH)/Food Scanner";
				XROS_DEPLOYMENT_TARGET = 26.0;
			};
			name = Release;
		};
		842FD0D72E7E073800CD2A5F /* Debug */ = {
			isa = XCBuildConfiguration;
			buildSettings = {
				CODE_SIGN_STYLE = Automatic;
				CURRENT_PROJECT_VERSION = 1;
				DEVELOPMENT_TEAM = EQ8K2UN7YU;
				GENERATE_INFOPLIST_FILE = YES;
				MARKETING_VERSION = 1.0;
				PRODUCT_BUNDLE_IDENTIFIER = tysonhu.FoodScannerUITests;
				PRODUCT_NAME = "$(TARGET_NAME)";
				STRING_CATALOG_GENERATE_SYMBOLS = NO;
				SWIFT_APPROACHABLE_CONCURRENCY = YES;
				SWIFT_EMIT_LOC_STRINGS = NO;
				SWIFT_UPCOMING_FEATURE_MEMBER_IMPORT_VISIBILITY = YES;
				SWIFT_VERSION = 5.0;
				TARGETED_DEVICE_FAMILY = "1,2";
				TEST_TARGET_NAME = "Food Scanner";
			};
			name = Debug;
		};
		842FD0D82E7E073800CD2A5F /* Release */ = {
			isa = XCBuildConfiguration;
			buildSettings = {
				CODE_SIGN_STYLE = Automatic;
				CURRENT_PROJECT_VERSION = 1;
				DEVELOPMENT_TEAM = EQ8K2UN7YU;
				GENERATE_INFOPLIST_FILE = YES;
				MARKETING_VERSION = 1.0;
				PRODUCT_BUNDLE_IDENTIFIER = tysonhu.FoodScannerUITests;
				PRODUCT_NAME = "$(TARGET_NAME)";
				STRING_CATALOG_GENERATE_SYMBOLS = NO;
				SWIFT_APPROACHABLE_CONCURRENCY = YES;
				SWIFT_EMIT_LOC_STRINGS = NO;
				SWIFT_UPCOMING_FEATURE_MEMBER_IMPORT_VISIBILITY = YES;
				SWIFT_VERSION = 5.0;
				TARGETED_DEVICE_FAMILY = "1,2";
				TEST_TARGET_NAME = "Food Scanner";
			};
			name = Release;
		};
/* End XCBuildConfiguration section */

/* Begin XCConfigurationList section */
		842FCEB42E7B365000CD2A5F /* Build configuration list for PBXProject "Food Scanner" */ = {
			isa = XCConfigurationList;
			buildConfigurations = (
				842FCEC22E7B365100CD2A5F /* Debug */,
				842FCEC32E7B365100CD2A5F /* Release */,
			);
			defaultConfigurationIsVisible = 0;
			defaultConfigurationName = Release;
		};
		842FCEC42E7B365100CD2A5F /* Build configuration list for PBXNativeTarget "Food Scanner" */ = {
			isa = XCConfigurationList;
			buildConfigurations = (
				842FCEC52E7B365100CD2A5F /* Debug */,
				842FCEC62E7B365100CD2A5F /* Release */,
			);
			defaultConfigurationIsVisible = 0;
			defaultConfigurationName = Release;
		};
		842FD0C72E7E072C00CD2A5F /* Build configuration list for PBXNativeTarget "FoodScannerTests" */ = {
			isa = XCConfigurationList;
			buildConfigurations = (
				842FD0C82E7E072C00CD2A5F /* Debug */,
				842FD0C92E7E072C00CD2A5F /* Release */,
			);
			defaultConfigurationIsVisible = 0;
			defaultConfigurationName = Release;
		};
		842FD0D62E7E073800CD2A5F /* Build configuration list for PBXNativeTarget "FoodScannerUITests" */ = {
			isa = XCConfigurationList;
			buildConfigurations = (
				842FD0D72E7E073800CD2A5F /* Debug */,
				842FD0D82E7E073800CD2A5F /* Release */,
			);
			defaultConfigurationIsVisible = 0;
			defaultConfigurationName = Release;
		};
/* End XCConfigurationList section */
	};
	rootObject = 842FCEB12E7B365000CD2A5F /* Project object */;
}
